Microsoft Visual Studio Solution File, Format Version 12.00
Project("{9A19103F-16F7-4668-BE54-9A1E7A4F7556}") = "AutoImplementedProperties.Sample", "source\AutoImplementedProperties\Sample\AutoImplementedProperties.Sample.csproj", "{006726F0-060C-4384-8F3F-5E472576470D}"
EndProject
Project("{9A19103F-16F7-4668-BE54-9A1E7A4F7556}") = "AutoImplementedProperties.Shared", "source\AutoImplementedProperties\Shared\AutoImplementedProperties.Shared.csproj", "{934343A0-A65F-4CFF-BC31-A6F76745569A}"
EndProject
Project("{9A19103F-16F7-4668-BE54-9A1E7A4F7556}") = "AutoImplementedProperties.SourceGenerator", "source\AutoImplementedProperties\SourceGenerator\AutoImplementedProperties.SourceGenerator.csproj", "{F94B241F-FEA8-416D-84C4-E8E778AD4BBA}"
EndProject
Project("{9A19103F-16F7-4668-BE54-9A1E7A4F7556}") = "EntityOwnership.Sample", "source\EntityOwnership\Sample\EntityOwnership.Sample.csproj", "{AA42F9EA-F0AF-4BFA-9BEF-DC2255A58A20}"
EndProject
Project("{9A19103F-16F7-4668-BE54-9A1E7A4F7556}") = "EntityOwnership.Shared", "source\EntityOwnership\Shared\EntityOwnership.Shared.csproj", "{17CA78A5-40C6-4624-B7BB-F197739B49FE}"
EndProject
Project("{9A19103F-16F7-4668-BE54-9A1E7A4F7556}") = "EntityOwnership.SourceGenerator", "source\EntityOwnership\SourceGenerator\EntityOwnership.SourceGenerator.csproj", "{C4FA324D-E002-461E-8723-D4902BE732EF}"
EndProject
Project("{9A19103F-16F7-4668-BE54-9A1E7A4F7556}") = "Utils.Shared", "source\Utils.Shared\Utils.Shared.csproj", "{12A0F6D8-98D7-4CDE-8678-91287931CDF3}"
EndProject
Project("{FAE04EC0-301F-11D3-BF4B-00C04F79EFBC}") = "AutoImplementedProperties.Tests", "source\AutoImplementedProperties\Tests\AutoImplementedProperties.Tests.csproj", "{38B3BD5A-A362-44DD-8CFC-8E6F1B52D0C6}"
EndProject
Project("{FAE04EC0-301F-11D3-BF4B-00C04F79EFBC}") = "ConsumerShared", "source\ConsumerShared\ConsumerShared.csproj", "{972C0F8D-6D96-41B1-8E8D-445F5A5B8384}"
EndProject
Global
	GlobalSection(SolutionConfigurationPlatforms) = preSolution
		Debug|Any CPU = Debug|Any CPU
		Release|Any CPU = Release|Any CPU
	EndGlobalSection
	GlobalSection(ProjectConfigurationPlatforms) = postSolution
		{006726F0-060C-4384-8F3F-5E472576470D}.Debug|Any CPU.ActiveCfg = Debug|Any CPU
		{006726F0-060C-4384-8F3F-5E472576470D}.Debug|Any CPU.Build.0 = Debug|Any CPU
		{006726F0-060C-4384-8F3F-5E472576470D}.Release|Any CPU.ActiveCfg = Release|Any CPU
		{006726F0-060C-4384-8F3F-5E472576470D}.Release|Any CPU.Build.0 = Release|Any CPU
		{934343A0-A65F-4CFF-BC31-A6F76745569A}.Debug|Any CPU.ActiveCfg = Debug|Any CPU
		{934343A0-A65F-4CFF-BC31-A6F76745569A}.Debug|Any CPU.Build.0 = Debug|Any CPU
		{934343A0-A65F-4CFF-BC31-A6F76745569A}.Release|Any CPU.ActiveCfg = Release|Any CPU
		{934343A0-A65F-4CFF-BC31-A6F76745569A}.Release|Any CPU.Build.0 = Release|Any CPU
		{F94B241F-FEA8-416D-84C4-E8E778AD4BBA}.Debug|Any CPU.ActiveCfg = Debug|Any CPU
		{F94B241F-FEA8-416D-84C4-E8E778AD4BBA}.Debug|Any CPU.Build.0 = Debug|Any CPU
		{F94B241F-FEA8-416D-84C4-E8E778AD4BBA}.Release|Any CPU.ActiveCfg = Release|Any CPU
		{F94B241F-FEA8-416D-84C4-E8E778AD4BBA}.Release|Any CPU.Build.0 = Release|Any CPU
		{AA42F9EA-F0AF-4BFA-9BEF-DC2255A58A20}.Debug|Any CPU.ActiveCfg = Debug|Any CPU
		{AA42F9EA-F0AF-4BFA-9BEF-DC2255A58A20}.Debug|Any CPU.Build.0 = Debug|Any CPU
		{AA42F9EA-F0AF-4BFA-9BEF-DC2255A58A20}.Release|Any CPU.ActiveCfg = Release|Any CPU
		{AA42F9EA-F0AF-4BFA-9BEF-DC2255A58A20}.Release|Any CPU.Build.0 = Release|Any CPU
		{17CA78A5-40C6-4624-B7BB-F197739B49FE}.Debug|Any CPU.ActiveCfg = Debug|Any CPU
		{17CA78A5-40C6-4624-B7BB-F197739B49FE}.Debug|Any CPU.Build.0 = Debug|Any CPU
		{17CA78A5-40C6-4624-B7BB-F197739B49FE}.Release|Any CPU.ActiveCfg = Release|Any CPU
		{17CA78A5-40C6-4624-B7BB-F197739B49FE}.Release|Any CPU.Build.0 = Release|Any CPU
		{C4FA324D-E002-461E-8723-D4902BE732EF}.Debug|Any CPU.ActiveCfg = Debug|Any CPU
		{C4FA324D-E002-461E-8723-D4902BE732EF}.Debug|Any CPU.Build.0 = Debug|Any CPU
		{C4FA324D-E002-461E-8723-D4902BE732EF}.Release|Any CPU.ActiveCfg = Release|Any CPU
		{C4FA324D-E002-461E-8723-D4902BE732EF}.Release|Any CPU.Build.0 = Release|Any CPU
		{12A0F6D8-98D7-4CDE-8678-91287931CDF3}.Debug|Any CPU.ActiveCfg = Debug|Any CPU
		{12A0F6D8-98D7-4CDE-8678-91287931CDF3}.Debug|Any CPU.Build.0 = Debug|Any CPU
		{12A0F6D8-98D7-4CDE-8678-91287931CDF3}.Release|Any CPU.ActiveCfg = Release|Any CPU
		{12A0F6D8-98D7-4CDE-8678-91287931CDF3}.Release|Any CPU.Build.0 = Release|Any CPU
		{38B3BD5A-A362-44DD-8CFC-8E6F1B52D0C6}.Debug|Any CPU.ActiveCfg = Debug|Any CPU
		{38B3BD5A-A362-44DD-8CFC-8E6F1B52D0C6}.Debug|Any CPU.Build.0 = Debug|Any CPU
		{38B3BD5A-A362-44DD-8CFC-8E6F1B52D0C6}.Release|Any CPU.ActiveCfg = Release|Any CPU
		{38B3BD5A-A362-44DD-8CFC-8E6F1B52D0C6}.Release|Any CPU.Build.0 = Release|Any CPU
		{972C0F8D-6D96-41B1-8E8D-445F5A5B8384}.Debug|Any CPU.ActiveCfg = Debug|Any CPU
		{972C0F8D-6D96-41B1-8E8D-445F5A5B8384}.Debug|Any CPU.Build.0 = Debug|Any CPU
		{972C0F8D-6D96-41B1-8E8D-445F5A5B8384}.Release|Any CPU.ActiveCfg = Release|Any CPU
		{972C0F8D-6D96-41B1-8E8D-445F5A5B8384}.Release|Any CPU.Build.0 = Release|Any CPU
	EndGlobalSection
	GlobalSection(SolutionProperties) = preSolution
		HideSolutionNode = FALSE
	EndGlobalSection
	GlobalSection(ExtensibilityGlobals) = postSolution
		SolutionGuid = {B16C1366-98EE-47B5-94FD-C687A67DD185}
	EndGlobalSection
EndGlobal
