Microsoft Visual Studio Solution File, Format Version 12.00
Project("{9A19103F-16F7-4668-BE54-9A1E7A4F7556}") = "AutoImplementedProperties.Shared", "source\AutoImplementedProperties.Shared\AutoImplementedProperties.Shared.csproj", "{35E39B06-C591-4651-8234-E7B7EC0F7943}"
EndProject
Project("{9A19103F-16F7-4668-BE54-9A1E7A4F7556}") = "AutoImplementedProperties.Sample", "source\AutoImplementedProperties.Sample\AutoImplementedProperties.Sample.csproj", "{3F8693FC-D9EC-405B-A40A-89A5796ED411}"
EndProject
Project("{9A19103F-16F7-4668-BE54-9A1E7A4F7556}") = "AutoImplementedProperties.SourceGenerator", "source\AutoImplementedProperties.SourceGenerator\AutoImplementedProperties.SourceGenerator.csproj", "{47CF547D-9452-42E6-9BBA-DAC84F080638}"
EndProject
Global
	GlobalSection(SolutionConfigurationPlatforms) = preSolution
		Debug|Any CPU = Debug|Any CPU
		Release|Any CPU = Release|Any CPU
	EndGlobalSection
	GlobalSection(ProjectConfigurationPlatforms) = postSolution
		{35E39B06-C591-4651-8234-E7B7EC0F7943}.Debug|Any CPU.ActiveCfg = Debug|Any CPU
		{35E39B06-C591-4651-8234-E7B7EC0F7943}.Debug|Any CPU.Build.0 = Debug|Any CPU
		{35E39B06-C591-4651-8234-E7B7EC0F7943}.Release|Any CPU.ActiveCfg = Release|Any CPU
		{35E39B06-C591-4651-8234-E7B7EC0F7943}.Release|Any CPU.Build.0 = Release|Any CPU
		{3F8693FC-D9EC-405B-A40A-89A5796ED411}.Debug|Any CPU.ActiveCfg = Debug|Any CPU
		{3F8693FC-D9EC-405B-A40A-89A5796ED411}.Debug|Any CPU.Build.0 = Debug|Any CPU
		{3F8693FC-D9EC-405B-A40A-89A5796ED411}.Release|Any CPU.ActiveCfg = Release|Any CPU
		{3F8693FC-D9EC-405B-A40A-89A5796ED411}.Release|Any CPU.Build.0 = Release|Any CPU
		{47CF547D-9452-42E6-9BBA-DAC84F080638}.Debug|Any CPU.ActiveCfg = Debug|Any CPU
		{47CF547D-9452-42E6-9BBA-DAC84F080638}.Debug|Any CPU.Build.0 = Debug|Any CPU
		{47CF547D-9452-42E6-9BBA-DAC84F080638}.Release|Any CPU.ActiveCfg = Release|Any CPU
		{47CF547D-9452-42E6-9BBA-DAC84F080638}.Release|Any CPU.Build.0 = Release|Any CPU
	EndGlobalSection
	GlobalSection(SolutionProperties) = preSolution
		HideSolutionNode = FALSE
	EndGlobalSection
	GlobalSection(ExtensibilityGlobals) = postSolution
		SolutionGuid = {B16C1366-98EE-47B5-94FD-C687A67DD185}
	EndGlobalSection
EndGlobal
