Microsoft Visual Studio Solution File, Format Version 12.00
Project("{9A19103F-16F7-4668-BE54-9A1E7A4F7556}") = "AutoConstructor.Sample", "source\AutoConstructor\Sample\AutoConstructor.Sample.csproj", "{CE6805CA-5418-4B8B-81EA-70FC805A0D56}"
EndProject
Project("{9A19103F-16F7-4668-BE54-9A1E7A4F7556}") = "AutoConstructor.Shared", "source\AutoConstructor\Shared\AutoConstructor.Shared.csproj", "{B167F6C2-4B59-428C-9376-899053EAACBC}"
EndProject
Project("{9A19103F-16F7-4668-BE54-9A1E7A4F7556}") = "AutoConstructor.SourceGenerator", "source\AutoConstructor\SourceGenerator\AutoConstructor.SourceGenerator.csproj", "{84F44DEA-D357-4167-8E02-F1BE09F51B61}"
EndProject
Project("{9A19103F-16F7-4668-BE54-9A1E7A4F7556}") = "AutoImplementedProperties.Sample", "source\AutoImplementedProperties\Sample\AutoImplementedProperties.Sample.csproj", "{185EF9B8-0FA7-4B22-9E67-1E2C2514F5B0}"
EndProject
Project("{9A19103F-16F7-4668-BE54-9A1E7A4F7556}") = "AutoImplementedProperties.Shared", "source\AutoImplementedProperties\Shared\AutoImplementedProperties.Shared.csproj", "{1AD99EC6-EE9B-43DC-AD29-D7685F53CB3B}"
EndProject
Project("{9A19103F-16F7-4668-BE54-9A1E7A4F7556}") = "AutoImplementedProperties.SourceGenerator", "source\AutoImplementedProperties\SourceGenerator\AutoImplementedProperties.SourceGenerator.csproj", "{496B7FF1-67E7-447E-B8D0-D18BFA9C52D3}"
EndProject
Project("{9A19103F-16F7-4668-BE54-9A1E7A4F7556}") = "AutoImplementedProperties.Tests", "source\AutoImplementedProperties\Tests\AutoImplementedProperties.Tests.csproj", "{BD9666CF-6233-4144-8551-4F09240DE6FC}"
EndProject
Project("{9A19103F-16F7-4668-BE54-9A1E7A4F7556}") = "EntityOwnership.Sample", "source\EntityOwnership\Sample\EntityOwnership.Sample.csproj", "{30C5CD10-E1B5-4CEC-9CEA-8DA93822A1E0}"
EndProject
Project("{9A19103F-16F7-4668-BE54-9A1E7A4F7556}") = "EntityOwnership.Shared", "source\EntityOwnership\Shared\EntityOwnership.Shared.csproj", "{CF394E6D-B434-46BF-93E2-B482681CB0E0}"
EndProject
Project("{9A19103F-16F7-4668-BE54-9A1E7A4F7556}") = "EntityOwnership.SourceGenerator", "source\EntityOwnership\SourceGenerator\EntityOwnership.SourceGenerator.csproj", "{E1AD9C13-7246-4A9E-8AB7-FA3869E7EB78}"
EndProject
Project("{9A19103F-16F7-4668-BE54-9A1E7A4F7556}") = "EntityOwnership.Tests", "source\EntityOwnership\Tests\EntityOwnership.Tests.csproj", "{BC6912B5-A3FA-48EF-923E-E3AC10824C09}"
EndProject
Project("{9A19103F-16F7-4668-BE54-9A1E7A4F7556}") = "PropertyCacheHelper.Shared", "source\PropertyCacheHelper\Shared\PropertyCacheHelper.Shared.csproj", "{5476E900-BE97-4224-B24D-6CD41DD1527D}"
EndProject
Project("{9A19103F-16F7-4668-BE54-9A1E7A4F7556}") = "PropertyCacheHelper.SourceGenerator", "source\PropertyCacheHelper\SourceGenerator\PropertyCacheHelper.SourceGenerator.csproj", "{0802CC42-2AF6-4CE4-BE3F-E16D84023013}"
EndProject
Project("{9A19103F-16F7-4668-BE54-9A1E7A4F7556}") = "PropertyCacheHelper.Tests", "source\PropertyCacheHelper\Tests\PropertyCacheHelper.Tests.csproj", "{695CC1FB-DC5A-44FC-80E9-1ADC2EAF5F19}"
EndProject
Project("{9A19103F-16F7-4668-BE54-9A1E7A4F7556}") = "Shared.Tests", "source\Shared.Tests\Shared.Tests.csproj", "{0BAC344E-DA21-40DB-B8AE-67F7DDE4C97B}"
EndProject
Project("{9A19103F-16F7-4668-BE54-9A1E7A4F7556}") = "Utils.Shared", "source\Utils.Shared\Utils.Shared.csproj", "{EBAAB5F8-2640-45BA-A2DC-17036A03FDD6}"
EndProject
Global
	GlobalSection(SolutionConfigurationPlatforms) = preSolution
		Debug|Any CPU = Debug|Any CPU
		Release|Any CPU = Release|Any CPU
	EndGlobalSection
	GlobalSection(ProjectConfigurationPlatforms) = postSolution
		{CE6805CA-5418-4B8B-81EA-70FC805A0D56}.Debug|Any CPU.ActiveCfg = Debug|Any CPU
		{CE6805CA-5418-4B8B-81EA-70FC805A0D56}.Debug|Any CPU.Build.0 = Debug|Any CPU
		{CE6805CA-5418-4B8B-81EA-70FC805A0D56}.Release|Any CPU.ActiveCfg = Release|Any CPU
		{CE6805CA-5418-4B8B-81EA-70FC805A0D56}.Release|Any CPU.Build.0 = Release|Any CPU
		{B167F6C2-4B59-428C-9376-899053EAACBC}.Debug|Any CPU.ActiveCfg = Debug|Any CPU
		{B167F6C2-4B59-428C-9376-899053EAACBC}.Debug|Any CPU.Build.0 = Debug|Any CPU
		{B167F6C2-4B59-428C-9376-899053EAACBC}.Release|Any CPU.ActiveCfg = Release|Any CPU
		{B167F6C2-4B59-428C-9376-899053EAACBC}.Release|Any CPU.Build.0 = Release|Any CPU
		{84F44DEA-D357-4167-8E02-F1BE09F51B61}.Debug|Any CPU.ActiveCfg = Debug|Any CPU
		{84F44DEA-D357-4167-8E02-F1BE09F51B61}.Debug|Any CPU.Build.0 = Debug|Any CPU
		{84F44DEA-D357-4167-8E02-F1BE09F51B61}.Release|Any CPU.ActiveCfg = Release|Any CPU
		{84F44DEA-D357-4167-8E02-F1BE09F51B61}.Release|Any CPU.Build.0 = Release|Any CPU
		{185EF9B8-0FA7-4B22-9E67-1E2C2514F5B0}.Debug|Any CPU.ActiveCfg = Debug|Any CPU
		{185EF9B8-0FA7-4B22-9E67-1E2C2514F5B0}.Debug|Any CPU.Build.0 = Debug|Any CPU
		{185EF9B8-0FA7-4B22-9E67-1E2C2514F5B0}.Release|Any CPU.ActiveCfg = Release|Any CPU
		{185EF9B8-0FA7-4B22-9E67-1E2C2514F5B0}.Release|Any CPU.Build.0 = Release|Any CPU
		{1AD99EC6-EE9B-43DC-AD29-D7685F53CB3B}.Debug|Any CPU.ActiveCfg = Debug|Any CPU
		{1AD99EC6-EE9B-43DC-AD29-D7685F53CB3B}.Debug|Any CPU.Build.0 = Debug|Any CPU
		{1AD99EC6-EE9B-43DC-AD29-D7685F53CB3B}.Release|Any CPU.ActiveCfg = Release|Any CPU
		{1AD99EC6-EE9B-43DC-AD29-D7685F53CB3B}.Release|Any CPU.Build.0 = Release|Any CPU
		{496B7FF1-67E7-447E-B8D0-D18BFA9C52D3}.Debug|Any CPU.ActiveCfg = Debug|Any CPU
		{496B7FF1-67E7-447E-B8D0-D18BFA9C52D3}.Debug|Any CPU.Build.0 = Debug|Any CPU
		{496B7FF1-67E7-447E-B8D0-D18BFA9C52D3}.Release|Any CPU.ActiveCfg = Release|Any CPU
		{496B7FF1-67E7-447E-B8D0-D18BFA9C52D3}.Release|Any CPU.Build.0 = Release|Any CPU
		{BD9666CF-6233-4144-8551-4F09240DE6FC}.Debug|Any CPU.ActiveCfg = Debug|Any CPU
		{BD9666CF-6233-4144-8551-4F09240DE6FC}.Debug|Any CPU.Build.0 = Debug|Any CPU
		{BD9666CF-6233-4144-8551-4F09240DE6FC}.Release|Any CPU.ActiveCfg = Release|Any CPU
		{BD9666CF-6233-4144-8551-4F09240DE6FC}.Release|Any CPU.Build.0 = Release|Any CPU
		{30C5CD10-E1B5-4CEC-9CEA-8DA93822A1E0}.Debug|Any CPU.ActiveCfg = Debug|Any CPU
		{30C5CD10-E1B5-4CEC-9CEA-8DA93822A1E0}.Debug|Any CPU.Build.0 = Debug|Any CPU
		{30C5CD10-E1B5-4CEC-9CEA-8DA93822A1E0}.Release|Any CPU.ActiveCfg = Release|Any CPU
		{30C5CD10-E1B5-4CEC-9CEA-8DA93822A1E0}.Release|Any CPU.Build.0 = Release|Any CPU
		{CF394E6D-B434-46BF-93E2-B482681CB0E0}.Debug|Any CPU.ActiveCfg = Debug|Any CPU
		{CF394E6D-B434-46BF-93E2-B482681CB0E0}.Debug|Any CPU.Build.0 = Debug|Any CPU
		{CF394E6D-B434-46BF-93E2-B482681CB0E0}.Release|Any CPU.ActiveCfg = Release|Any CPU
		{CF394E6D-B434-46BF-93E2-B482681CB0E0}.Release|Any CPU.Build.0 = Release|Any CPU
		{E1AD9C13-7246-4A9E-8AB7-FA3869E7EB78}.Debug|Any CPU.ActiveCfg = Debug|Any CPU
		{E1AD9C13-7246-4A9E-8AB7-FA3869E7EB78}.Debug|Any CPU.Build.0 = Debug|Any CPU
		{E1AD9C13-7246-4A9E-8AB7-FA3869E7EB78}.Release|Any CPU.ActiveCfg = Release|Any CPU
		{E1AD9C13-7246-4A9E-8AB7-FA3869E7EB78}.Release|Any CPU.Build.0 = Release|Any CPU
		{BC6912B5-A3FA-48EF-923E-E3AC10824C09}.Debug|Any CPU.ActiveCfg = Debug|Any CPU
		{BC6912B5-A3FA-48EF-923E-E3AC10824C09}.Debug|Any CPU.Build.0 = Debug|Any CPU
		{BC6912B5-A3FA-48EF-923E-E3AC10824C09}.Release|Any CPU.ActiveCfg = Release|Any CPU
		{BC6912B5-A3FA-48EF-923E-E3AC10824C09}.Release|Any CPU.Build.0 = Release|Any CPU
		{5476E900-BE97-4224-B24D-6CD41DD1527D}.Debug|Any CPU.ActiveCfg = Debug|Any CPU
		{5476E900-BE97-4224-B24D-6CD41DD1527D}.Debug|Any CPU.Build.0 = Debug|Any CPU
		{5476E900-BE97-4224-B24D-6CD41DD1527D}.Release|Any CPU.ActiveCfg = Release|Any CPU
		{5476E900-BE97-4224-B24D-6CD41DD1527D}.Release|Any CPU.Build.0 = Release|Any CPU
		{0802CC42-2AF6-4CE4-BE3F-E16D84023013}.Debug|Any CPU.ActiveCfg = Debug|Any CPU
		{0802CC42-2AF6-4CE4-BE3F-E16D84023013}.Debug|Any CPU.Build.0 = Debug|Any CPU
		{0802CC42-2AF6-4CE4-BE3F-E16D84023013}.Release|Any CPU.ActiveCfg = Release|Any CPU
		{0802CC42-2AF6-4CE4-BE3F-E16D84023013}.Release|Any CPU.Build.0 = Release|Any CPU
		{695CC1FB-DC5A-44FC-80E9-1ADC2EAF5F19}.Debug|Any CPU.ActiveCfg = Debug|Any CPU
		{695CC1FB-DC5A-44FC-80E9-1ADC2EAF5F19}.Debug|Any CPU.Build.0 = Debug|Any CPU
		{695CC1FB-DC5A-44FC-80E9-1ADC2EAF5F19}.Release|Any CPU.ActiveCfg = Release|Any CPU
		{695CC1FB-DC5A-44FC-80E9-1ADC2EAF5F19}.Release|Any CPU.Build.0 = Release|Any CPU
		{0BAC344E-DA21-40DB-B8AE-67F7DDE4C97B}.Debug|Any CPU.ActiveCfg = Debug|Any CPU
		{0BAC344E-DA21-40DB-B8AE-67F7DDE4C97B}.Debug|Any CPU.Build.0 = Debug|Any CPU
		{0BAC344E-DA21-40DB-B8AE-67F7DDE4C97B}.Release|Any CPU.ActiveCfg = Release|Any CPU
		{0BAC344E-DA21-40DB-B8AE-67F7DDE4C97B}.Release|Any CPU.Build.0 = Release|Any CPU
		{EBAAB5F8-2640-45BA-A2DC-17036A03FDD6}.Debug|Any CPU.ActiveCfg = Debug|Any CPU
		{EBAAB5F8-2640-45BA-A2DC-17036A03FDD6}.Debug|Any CPU.Build.0 = Debug|Any CPU
		{EBAAB5F8-2640-45BA-A2DC-17036A03FDD6}.Release|Any CPU.ActiveCfg = Release|Any CPU
		{EBAAB5F8-2640-45BA-A2DC-17036A03FDD6}.Release|Any CPU.Build.0 = Release|Any CPU
	EndGlobalSection
	GlobalSection(SolutionProperties) = preSolution
		HideSolutionNode = FALSE
	EndGlobalSection
	GlobalSection(ExtensibilityGlobals) = postSolution
		SolutionGuid = {50AFA1CF-A029-44FA-9A14-21EC311B8C20}
	EndGlobalSection
EndGlobal
