<Solution>
  <Project Path="source/SourceGeneration.Testing.Tests/SourceGeneration.Testing.Tests.csproj" />
  <Project Path="source/SourceGeneration.Testing/SourceGeneration.Testing.csproj" />
  <Project Path="source/SourceGeneration/SourceGeneration.csproj" />
  <Project Path="source/SourceGenerators/AutoConstructor/Sample/AutoConstructor.Sample.csproj" />
  <Project Path="source/SourceGenerators/AutoConstructor/Shared/AutoConstructor.Shared.csproj" />
  <Project Path="source/SourceGenerators/AutoConstructor/SourceGenerator/AutoConstructor.SourceGenerator.csproj" />
  <Project Path="source/SourceGenerators/AutoConstructor/Tests/AutoConstructor.Tests.csproj" />
  <Project Path="source/SourceGenerators/AutoImplementedProperties/Sample/AutoImplementedProperties.Sample.csproj" />
  <Project Path="source/SourceGenerators/AutoImplementedProperties/Shared/AutoImplementedProperties.Shared.csproj" />
  <Project Path="source/SourceGenerators/AutoImplementedProperties/SourceGenerator/AutoImplementedProperties.SourceGenerator.csproj" />
  <Project Path="source/SourceGenerators/AutoImplementedProperties/Tests/AutoImplementedProperties.Tests.csproj" />
  <Project Path="source/SourceGenerators/EntityOwnership/Sample/EntityOwnership.Sample.csproj" />
  <Project Path="source/SourceGenerators/EntityOwnership/Shared/EntityOwnership.Shared.csproj" />
  <Project Path="source/SourceGenerators/EntityOwnership/SourceGenerator/EntityOwnership.SourceGenerator.csproj" />
  <Project Path="source/SourceGenerators/EntityOwnership/Tests/EntityOwnership.Tests.csproj" />
  <Project Path="source/SourceGenerators/PropertyCacheHelper/Shared/PropertyCacheHelper.Shared.csproj" />
  <Project Path="source/SourceGenerators/PropertyCacheHelper/SourceGenerator/PropertyCacheHelper.SourceGenerator.csproj" />
  <Project Path="source/SourceGenerators/PropertyCacheHelper/Tests/PropertyCacheHelper.Tests.csproj" />
  <Project Path="source/Utils.Shared/Utils.Shared.csproj" />
</Solution>
