Microsoft Visual Studio Solution File, Format Version 12.00
Project("{9A19103F-16F7-4668-BE54-9A1E7A4F7556}") = "PropertyCacheHelper.Tests", "PropertyCacheHelper.Tests.csproj", "{4E130543-C165-4967-B078-2AECEB622F79}"
EndProject
Project("{9A19103F-16F7-4668-BE54-9A1E7A4F7556}") = "PropertyCacheHelper.SourceGenerator", "..\SourceGenerator\PropertyCacheHelper.SourceGenerator.csproj", "{D52C1887-2FC4-4B93-8A43-BAFEAE099133}"
EndProject
Project("{9A19103F-16F7-4668-BE54-9A1E7A4F7556}") = "Shared.Tests", "..\..\Shared.Tests\Shared.Tests.csproj", "{5E2BFCC1-F269-4107-B719-FD3F2F79B35A}"
EndProject
Global
	GlobalSection(SolutionConfigurationPlatforms) = preSolution
		Debug|Any CPU = Debug|Any CPU
		Release|Any CPU = Release|Any CPU
	EndGlobalSection
	GlobalSection(ProjectConfigurationPlatforms) = postSolution
		{4E130543-C165-4967-B078-2AECEB622F79}.Debug|Any CPU.ActiveCfg = Debug|Any CPU
		{4E130543-C165-4967-B078-2AECEB622F79}.Debug|Any CPU.Build.0 = Debug|Any CPU
		{4E130543-C165-4967-B078-2AECEB622F79}.Release|Any CPU.ActiveCfg = Release|Any CPU
		{4E130543-C165-4967-B078-2AECEB622F79}.Release|Any CPU.Build.0 = Release|Any CPU
		{D52C1887-2FC4-4B93-8A43-BAFEAE099133}.Debug|Any CPU.ActiveCfg = Debug|Any CPU
		{D52C1887-2FC4-4B93-8A43-BAFEAE099133}.Debug|Any CPU.Build.0 = Debug|Any CPU
		{D52C1887-2FC4-4B93-8A43-BAFEAE099133}.Release|Any CPU.ActiveCfg = Release|Any CPU
		{D52C1887-2FC4-4B93-8A43-BAFEAE099133}.Release|Any CPU.Build.0 = Release|Any CPU
		{5E2BFCC1-F269-4107-B719-FD3F2F79B35A}.Debug|Any CPU.ActiveCfg = Debug|Any CPU
		{5E2BFCC1-F269-4107-B719-FD3F2F79B35A}.Debug|Any CPU.Build.0 = Debug|Any CPU
		{5E2BFCC1-F269-4107-B719-FD3F2F79B35A}.Release|Any CPU.ActiveCfg = Release|Any CPU
		{5E2BFCC1-F269-4107-B719-FD3F2F79B35A}.Release|Any CPU.Build.0 = Release|Any CPU
	EndGlobalSection
	GlobalSection(SolutionProperties) = preSolution
		HideSolutionNode = FALSE
	EndGlobalSection
	GlobalSection(ExtensibilityGlobals) = postSolution
		SolutionGuid = {7C874F50-115B-4ADD-9D36-783E7FEF0370}
	EndGlobalSection
EndGlobal
