Microsoft Visual Studio Solution File, Format Version 12.00
Project("{9A19103F-16F7-4668-BE54-9A1E7A4F7556}") = "CachedPropertyInfo.Tests", "CachedPropertyInfo.Tests.csproj", "{8AD0293E-4103-402F-A5EC-CE33DC5A3B69}"
EndProject
Project("{9A19103F-16F7-4668-BE54-9A1E7A4F7556}") = "CachedPropertyInfo.Sample", "..\Sample\CachedPropertyInfo.Sample.csproj", "{91243E41-6CD4-4DF8-9B5C-71BAB9857DED}"
EndProject
Project("{9A19103F-16F7-4668-BE54-9A1E7A4F7556}") = "CachedPropertyInfo.Shared", "..\Shared\CachedPropertyInfo.Shared.csproj", "{DAFEB22F-3C4C-4069-BAE3-C583B9EBF17E}"
EndProject
Project("{9A19103F-16F7-4668-BE54-9A1E7A4F7556}") = "CachedPropertyInfo.SourceGenerator", "..\SourceGenerator\CachedPropertyInfo.SourceGenerator.csproj", "{4A39B8ED-215C-4FDB-9687-2785CDF7229B}"
EndProject
Project("{9A19103F-16F7-4668-BE54-9A1E7A4F7556}") = "Shared.Tests", "..\..\Shared.Tests\Shared.Tests.csproj", "{11FB446B-D65E-4070-B0D9-E59818EE8D89}"
EndProject
Project("{9A19103F-16F7-4668-BE54-9A1E7A4F7556}") = "Utils.Shared", "..\..\Utils.Shared\Utils.Shared.csproj", "{26A74CCF-A77D-4403-BDFD-C124F3399FB7}"
EndProject
Global
	GlobalSection(SolutionConfigurationPlatforms) = preSolution
		Debug|Any CPU = Debug|Any CPU
		Release|Any CPU = Release|Any CPU
	EndGlobalSection
	GlobalSection(ProjectConfigurationPlatforms) = postSolution
		{8AD0293E-4103-402F-A5EC-CE33DC5A3B69}.Debug|Any CPU.ActiveCfg = Debug|Any CPU
		{8AD0293E-4103-402F-A5EC-CE33DC5A3B69}.Debug|Any CPU.Build.0 = Debug|Any CPU
		{8AD0293E-4103-402F-A5EC-CE33DC5A3B69}.Release|Any CPU.ActiveCfg = Release|Any CPU
		{8AD0293E-4103-402F-A5EC-CE33DC5A3B69}.Release|Any CPU.Build.0 = Release|Any CPU
		{91243E41-6CD4-4DF8-9B5C-71BAB9857DED}.Debug|Any CPU.ActiveCfg = Debug|Any CPU
		{91243E41-6CD4-4DF8-9B5C-71BAB9857DED}.Debug|Any CPU.Build.0 = Debug|Any CPU
		{91243E41-6CD4-4DF8-9B5C-71BAB9857DED}.Release|Any CPU.ActiveCfg = Release|Any CPU
		{91243E41-6CD4-4DF8-9B5C-71BAB9857DED}.Release|Any CPU.Build.0 = Release|Any CPU
		{DAFEB22F-3C4C-4069-BAE3-C583B9EBF17E}.Debug|Any CPU.ActiveCfg = Debug|Any CPU
		{DAFEB22F-3C4C-4069-BAE3-C583B9EBF17E}.Debug|Any CPU.Build.0 = Debug|Any CPU
		{DAFEB22F-3C4C-4069-BAE3-C583B9EBF17E}.Release|Any CPU.ActiveCfg = Release|Any CPU
		{DAFEB22F-3C4C-4069-BAE3-C583B9EBF17E}.Release|Any CPU.Build.0 = Release|Any CPU
		{4A39B8ED-215C-4FDB-9687-2785CDF7229B}.Debug|Any CPU.ActiveCfg = Debug|Any CPU
		{4A39B8ED-215C-4FDB-9687-2785CDF7229B}.Debug|Any CPU.Build.0 = Debug|Any CPU
		{4A39B8ED-215C-4FDB-9687-2785CDF7229B}.Release|Any CPU.ActiveCfg = Release|Any CPU
		{4A39B8ED-215C-4FDB-9687-2785CDF7229B}.Release|Any CPU.Build.0 = Release|Any CPU
		{11FB446B-D65E-4070-B0D9-E59818EE8D89}.Debug|Any CPU.ActiveCfg = Debug|Any CPU
		{11FB446B-D65E-4070-B0D9-E59818EE8D89}.Debug|Any CPU.Build.0 = Debug|Any CPU
		{11FB446B-D65E-4070-B0D9-E59818EE8D89}.Release|Any CPU.ActiveCfg = Release|Any CPU
		{11FB446B-D65E-4070-B0D9-E59818EE8D89}.Release|Any CPU.Build.0 = Release|Any CPU
		{26A74CCF-A77D-4403-BDFD-C124F3399FB7}.Debug|Any CPU.ActiveCfg = Debug|Any CPU
		{26A74CCF-A77D-4403-BDFD-C124F3399FB7}.Debug|Any CPU.Build.0 = Debug|Any CPU
		{26A74CCF-A77D-4403-BDFD-C124F3399FB7}.Release|Any CPU.ActiveCfg = Release|Any CPU
		{26A74CCF-A77D-4403-BDFD-C124F3399FB7}.Release|Any CPU.Build.0 = Release|Any CPU
	EndGlobalSection
	GlobalSection(SolutionProperties) = preSolution
		HideSolutionNode = FALSE
	EndGlobalSection
	GlobalSection(ExtensibilityGlobals) = postSolution
		SolutionGuid = {A388CE27-85E9-4822-9C1A-437AE206BB0D}
	EndGlobalSection
EndGlobal
